{
  "version": 2,
  "dependencies": {
    "net10.0": {
      "Microsoft.SourceLink.GitHub": {
        "type": "Direct",
        "requested": "[1.1.1, )",
        "resolved": "1.1.1",
        "contentHash": "IaJGnOv/M7UQjRJks7B6p7pbPnOwisYGOIzqCz5ilGFTApZ3ktOR+6zJ12ZRPInulBmdAf1SrGdDG2MU8g6XTw==",
        "dependencies": {
          "Microsoft.Build.Tasks.Git": "1.1.1",
          "Microsoft.SourceLink.Common": "1.1.1"
        }
      },
      "StyleCop.Analyzers": {
        "type": "Direct",
        "requested": "[1.1.118, )",
        "resolved": "1.1.118",
        "contentHash": "Onx6ovGSqXSK07n/0eM3ZusiNdB6cIlJdabQhWGgJp3Vooy9AaLS/tigeybOJAobqbtggTamoWndz72JscZBvw=="
      },
      "Azure.Core": {
        "type": "Transitive",
        "resolved": "1.50.0",
        "contentHash": "GBNKZEhdIbTXxedvD3R7I/yDVFX9jJJEz02kCziFSJxspSQ5RMHc3GktulJ1s7+ffXaXD7kMgrtdQTaggyInLw==",
        "dependencies": {
          "Microsoft.Bcl.AsyncInterfaces": "8.0.0",
          "System.ClientModel": "1.8.0",
          "System.Memory.Data": "8.0.1"
        }
      },
      "Azure.Identity": {
        "type": "Transitive",
        "resolved": "1.17.1",
        "contentHash": "MSZkBrctcpiGxs9Cvr2VKKoN6qFLZlP3I6xuCWJ9iTgitI5Rgxtk5gfOSpXPZE3+CJmZ/mnqpQyGyjawFn5Vvg==",
        "dependencies": {
          "Azure.Core": "1.50.0",
          "Microsoft.Identity.Client": "4.78.0",
          "Microsoft.Identity.Client.Extensions.Msal": "4.78.0"
        }
      },
      "BouncyCastle.Cryptography": {
        "type": "Transitive",
        "resolved": "2.6.2",
        "contentHash": "7oWOcvnntmMKNzDLsdxAYqApt+AjpRpP2CShjMfIa3umZ42UQMvH0tl1qAliYPNYO6vTdcGMqnRrCPmsfzTI1w=="
      },
      "Microsoft.Bcl.AsyncInterfaces": {
        "type": "Transitive",
        "resolved": "8.0.0",
        "contentHash": "3WA9q9yVqJp222P3x1wYIGDAkpjAku0TMUaaQV22g6L67AI0LdOIrVS7Ht2vJfLHGSPVuqN94vIr15qn+HEkHw=="
      },
      "Microsoft.Build.Tasks.Git": {
        "type": "Transitive",
        "resolved": "1.1.1",
        "contentHash": "AT3HlgTjsqHnWpBHSNeR0KxbLZD7bztlZVj7I8vgeYG9SYqbeFGh0TM/KVtC6fg53nrWHl3VfZFvb5BiQFcY6Q=="
      },
      "Microsoft.Data.SqlClient.SNI.runtime": {
        "type": "Transitive",
        "resolved": "6.0.2",
        "contentHash": "f+pRODTWX7Y67jXO3T5S2dIPZ9qMJNySjlZT/TKmWVNWe19N8jcWmHaqHnnchaq3gxEKv1SWVY5EFzOD06l41w=="
      },
      "Microsoft.Identity.Client": {
        "type": "Transitive",
        "resolved": "4.84.2",
        "contentHash": "Va9FjmABSgj/lcUfHH0pBNQkmS7SNyepz2ERV7Yynp6QgEYpFdSqR6Vzy1WWipN8GS5pBHuXoZbqaDWuARCrHQ==",
        "dependencies": {
          "Microsoft.IdentityModel.Abstractions": "8.14.0"
        }
      },
      "Microsoft.Identity.Client.Broker": {
        "type": "Transitive",
        "resolved": "4.84.2",
        "contentHash": "928ySLeGz1xtvydwq6h9tv7TbxrtA4ZzavLKUqRJh0PW6BGcEJwpI8W8vf2PlQdYemGm/oyGjdzYzdY/I8r/4A==",
        "dependencies": {
          "Microsoft.Identity.Client": "4.84.2",
          "Microsoft.Identity.Client.NativeInterop": "0.20.6"
        }
      },
      "Microsoft.Identity.Client.Extensions.Msal": {
        "type": "Transitive",
        "resolved": "4.78.0",
        "contentHash": "DYU9o+DrDQuyZxeq91GBA9eNqBvA3ZMkLzQpF7L9dTk6FcIBM1y1IHXWqiKXTvptPF7CZE59upbyUoa+FJ5eiA==",
        "dependencies": {
          "Microsoft.Identity.Client": "4.78.0",
          "System.Security.Cryptography.ProtectedData": "4.5.0"
        }
      },
      "Microsoft.Identity.Client.NativeInterop": {
        "type": "Transitive",
        "resolved": "0.20.6",
        "contentHash": "noyfdMfVxyWpM6xUDmlW6gUvZ5ci24z7Qoy15JvynTQfZV5vTD2NEdsnT5Gy4ngViwgdIp5iRjRy10jAKXFAgw=="
      },
      "Microsoft.IdentityModel.Abstractions": {
        "type": "Transitive",
        "resolved": "8.14.0",
        "contentHash": "iwbCpSjD3ehfTwBhtSNEtKPK0ICun6ov7Ibx6ISNA9bfwIyzI2Siwyi9eJFCJBwxowK9xcA1mj+jBWiigeqgcQ=="
      },
      "Microsoft.IdentityModel.JsonWebTokens": {
        "type": "Transitive",
        "resolved": "7.7.1",
        "contentHash": "3Izi75UCUssvo8LPx3OVnEeZay58qaFicrtSnbtUt7q8qQi0gy46gh4V8VUTkMVMKXV6VMyjBVmeNNgeCUJuIw==",
        "dependencies": {
          "Microsoft.IdentityModel.Tokens": "7.7.1"
        }
      },
      "Microsoft.IdentityModel.Logging": {
        "type": "Transitive",
        "resolved": "7.7.1",
        "contentHash": "BZNgSq/o8gsKExdYoBKPR65fdsxW0cTF8PsdqB8y011AGUJJW300S/ZIsEUD0+sOmGc003Gwv3FYbjrVjvsLNQ==",
        "dependencies": {
          "Microsoft.IdentityModel.Abstractions": "7.7.1"
        }
      },
      "Microsoft.IdentityModel.Protocols": {
        "type": "Transitive",
        "resolved": "7.7.1",
        "contentHash": "h+fHHBGokepmCX+QZXJk4Ij8OApCb2n2ktoDkNX5CXteXsOxTHMNgjPGpAwdJMFvAL7TtGarUnk3o97NmBq2QQ==",
        "dependencies": {
          "Microsoft.IdentityModel.Tokens": "7.7.1"
        }
      },
      "Microsoft.IdentityModel.Protocols.OpenIdConnect": {
        "type": "Transitive",
        "resolved": "7.7.1",
        "contentHash": "yT2Hdj8LpPbcT9C9KlLVxXl09C8zjFaVSaApdOwuecMuoV4s6Sof/mnTDz/+F/lILPIBvrWugR9CC7iRVZgbfQ==",
        "dependencies": {
          "Microsoft.IdentityModel.Protocols": "7.7.1",
          "System.IdentityModel.Tokens.Jwt": "7.7.1"
        }
      },
      "Microsoft.IdentityModel.Tokens": {
        "type": "Transitive",
        "resolved": "7.7.1",
        "contentHash": "fQ0VVCba75lknUHGldi3iTKAYUQqbzp1Un8+d9cm9nON0Gs8NAkXddNg8iaUB0qi/ybtAmNWizTR4avdkCJ9pQ==",
        "dependencies": {
          "Microsoft.IdentityModel.Logging": "7.7.1"
        }
      },
      "Microsoft.SourceLink.Common": {
        "type": "Transitive",
        "resolved": "1.1.1",
        "contentHash": "WMcGpWKrmJmzrNeuaEb23bEMnbtR/vLmvZtkAP5qWu7vQsY59GqfRJd65sFpBszbd2k/bQ8cs8eWawQKAabkVg=="
      },
      "Microsoft.SqlServer.Server": {
        "type": "Transitive",
        "resolved": "1.0.0",
        "contentHash": "N4KeF3cpcm1PUHym1RmakkzfkEv3GRMyofVv40uXsQhCQeglr2OHNcUk2WOG51AKpGO8ynGpo9M/kFXSzghwug=="
      },
      "MimeKit": {
        "type": "Transitive",
        "resolved": "4.17.0",
        "contentHash": "h/KXsCreJf8RpR/PSAtlbvYtZFndp9N8Wn1Bs248AL7ITyhn+AiIY5bLTvt60tbN2mu6g8KadtBNWygTji2lqg==",
        "dependencies": {
          "BouncyCastle.Cryptography": "2.6.2",
          "System.Security.Cryptography.Pkcs": "10.0.0"
        }
      },
      "Mono.Nat": {
        "type": "Transitive",
        "resolved": "3.0.1",
        "contentHash": "TLaz/q4i81y5nRyqBlJO2JS73JRyB1y6uhcgxhiyIn3MMIgH1mlTOPZNX7uUB0XYg6+7Igp4tFAqf/u+Unc3tw=="
      },
      "Polly.Contrib.WaitAndRetry": {
        "type": "Transitive",
        "resolved": "1.1.1",
        "contentHash": "1MUQLiSo4KDkQe6nzQRhIU05lm9jlexX5BVsbuw0SL82ynZ+GzAHQxJVDPVBboxV37Po3SG077aX8DuSy8TkaA=="
      },
      "Polly.Core": {
        "type": "Transitive",
        "resolved": "8.5.2",
        "contentHash": "1MJKdxv4zwDmiWvYvVN24DsrWUfgQ4F83voH8bhbtLMdPuGy8CfTUzsgQhvyrl1a7hrM6f/ydwLVdVUI0xooUw=="
      },
      "ReusableTasks": {
        "type": "Transitive",
        "resolved": "2.0.0",
        "contentHash": "HWb7Yy7dQfWPh0V4X42ounPkrzUvL6gB7bwshX7EqBDCl879iBQIS0TRrXFXKOTO2dNJxaEfXnAbX8Fzv3U7Cw=="
      },
      "Servarr.FluentMigrator": {
        "type": "Transitive",
        "resolved": "3.3.2.9",
        "contentHash": "M14WFK/Bdo9/lZLjY0Dxtd2zaOpIxf9o7iBMZtIAAgjlYv84MfPoCbR9xTbMpwyD3kQQD4Y9rc8WUEgB8VqT+w==",
        "dependencies": {
          "Servarr.FluentMigrator.Abstractions": "3.3.2.9"
        }
      },
      "Servarr.FluentMigrator.Abstractions": {
        "type": "Transitive",
        "resolved": "3.3.2.9",
        "contentHash": "DvcsKD7cMchwG3QEKRLoFlnDfgJ2eZfQI/cQS+Fqdv++R14ZeUiTxFoEBelTpg7UsrTrjIdy962DR/O3Mo9elA==",
        "dependencies": {
          "System.ComponentModel.Annotations": "4.4.1"
        }
      },
      "Servarr.FluentMigrator.Extensions.Oracle": {
        "type": "Transitive",
        "resolved": "3.3.2.9",
        "contentHash": "+vmpu8vSo7lhucNy+OxGUHk1liNgBlWP23TmtxJcYnb68uDaW14+zV8YbJIMX+Q7S625KHTD9VheGVAvhl1LiQ==",
        "dependencies": {
          "Servarr.FluentMigrator.Abstractions": "3.3.2.9"
        }
      },
      "Servarr.FluentMigrator.Extensions.Postgres": {
        "type": "Transitive",
        "resolved": "3.3.2.9",
        "contentHash": "THC+jL+dPYBuNSEcRAohi+EsOo3uOMemZ+b8RIn9tp6aqgRTIbMGRwiOeuljo0PMoeuCV/GzCy+yuLyhUyKIaQ==",
        "dependencies": {
          "Servarr.FluentMigrator.Abstractions": "3.3.2.9"
        }
      },
      "Servarr.FluentMigrator.Extensions.SqlAnywhere": {
        "type": "Transitive",
        "resolved": "3.3.2.9",
        "contentHash": "/1rMhfH3hrfPubECFYLoa4RtGTZg2Lcrzwu6/2gmlfrAUbua76YUqkid78bhF7RoVguGg/sF6sHSgTzGyF/qKA==",
        "dependencies": {
          "Servarr.FluentMigrator.Abstractions": "3.3.2.9"
        }
      },
      "Servarr.FluentMigrator.Extensions.SqlServer": {
        "type": "Transitive",
        "resolved": "3.3.2.9",
        "contentHash": "4hWn2kLme/a10dZM4HiQkynLWUkLB7nHmEbmr54LI1CcocXarkPLJCKLpoDr47hytTPiVjQ4NG564W5LfIvSsA==",
        "dependencies": {
          "Servarr.FluentMigrator.Abstractions": "3.3.2.9"
        }
      },
      "Servarr.FluentMigrator.Runner.Core": {
        "type": "Transitive",
        "resolved": "3.3.2.9",
        "contentHash": "Y6s1LS0Zq0A57pdGWc6WekX1kujmtmqOBuV7FEff9DN7zA2CNI/MDA0khyj1FX1JFZHkz/JTFYvDS1Alv9S/ZA==",
        "dependencies": {
          "Servarr.FluentMigrator.Abstractions": "3.3.2.9"
        }
      },
      "Servarr.FluentMigrator.Runner.Db2": {
        "type": "Transitive",
        "resolved": "3.3.2.9",
        "contentHash": "N6bnd8WY2SoRpaJGZ6mdcjQ8kdNXvp+AA6gA/QVBwCRCajO2SlKz6jbKE+Qwe5UOxs1+h8Hroasy8ca/YHu/UA==",
        "dependencies": {
          "Servarr.FluentMigrator.Runner.Core": "3.3.2.9"
        }
      },
      "Servarr.FluentMigrator.Runner.Firebird": {
        "type": "Transitive",
        "resolved": "3.3.2.9",
        "contentHash": "Ta77P3QrJ8A6AmvBp7eD8ZTW2c4BZcKGkvEr1JM46jzBAeuUVIHbl7YQ0kicO8g5/siANUtLceoOQ8ngjEHyqA==",
        "dependencies": {
          "Servarr.FluentMigrator.Runner.Core": "3.3.2.9"
        }
      },
      "Servarr.FluentMigrator.Runner.Hana": {
        "type": "Transitive",
        "resolved": "3.3.2.9",
        "contentHash": "Ak4sVhoFFl7c7jIlb1+JiHL/DN1Wv1WRWEiqBahmVyUpiCvhWafQchpgiK1mqc4oCVIk7kKMfCG2+HYRFuEyMQ==",
        "dependencies": {
          "Servarr.FluentMigrator.Runner.Core": "3.3.2.9"
        }
      },
      "Servarr.FluentMigrator.Runner.MySql": {
        "type": "Transitive",
        "resolved": "3.3.2.9",
        "contentHash": "nJbTaRGADVc7zfKCLPtdbu1npMwADZ9sCDfmFq0lBv5L1IJs/wzxY9EE3Aj9auxr8dvUkBDAfEHoT7PkfP3/Kg==",
        "dependencies": {
          "Servarr.FluentMigrator.Runner.Core": "3.3.2.9"
        }
      },
      "Servarr.FluentMigrator.Runner.Oracle": {
        "type": "Transitive",
        "resolved": "3.3.2.9",
        "contentHash": "1GErfdWlElvpIW+x5iE+dbJb86B7xfFh/9EwsNf7SggeNT57kuisiyK2WV+x7Ozf3L6eZpimFfW6Hy4e/uzH4Q==",
        "dependencies": {
          "Servarr.FluentMigrator.Extensions.Oracle": "3.3.2.9",
          "Servarr.FluentMigrator.Runner.Core": "3.3.2.9"
        }
      },
      "Servarr.FluentMigrator.Runner.Redshift": {
        "type": "Transitive",
        "resolved": "3.3.2.9",
        "contentHash": "oZD3cMn3FYW26c2M1to1w4wM/sow2PcXvzX2x61OUDjQZ5F3Y9Rrqt4EJ6vvTyqCXmN4FLAylj2c4VnjTD5o/A==",
        "dependencies": {
          "Servarr.FluentMigrator.Runner.Core": "3.3.2.9"
        }
      },
      "Servarr.FluentMigrator.Runner.SqlAnywhere": {
        "type": "Transitive",
        "resolved": "3.3.2.9",
        "contentHash": "ZKgXl7AMKQMcVN+N5ftsSV+sJNHKo8eW0et95VbGX7EWPlYtGAr8KQf0vtJi8MUbZpX+m4cgE0pV2G9ZRCWttA==",
        "dependencies": {
          "Servarr.FluentMigrator.Extensions.SqlAnywhere": "3.3.2.9",
          "Servarr.FluentMigrator.Runner.Core": "3.3.2.9"
        }
      },
      "Servarr.FluentMigrator.Runner.SqlServer": {
        "type": "Transitive",
        "resolved": "3.3.2.9",
        "contentHash": "IrOlIZNHwjFTS7ZPFadzYE4xmaYsD5oXkIy+aPTRbtAG1FGVLGyg+5zMSVF1eExZGhXDxEUl5hpJN7THz99L9Q==",
        "dependencies": {
          "Microsoft.Data.SqlClient": "2.1.2",
          "Servarr.FluentMigrator.Extensions.SqlServer": "3.3.2.9",
          "Servarr.FluentMigrator.Runner.Core": "3.3.2.9"
        }
      },
      "Servarr.FluentMigrator.Runner.SqlServerCe": {
        "type": "Transitive",
        "resolved": "3.3.2.9",
        "contentHash": "EnVlHbaNkr1fdWmaHiEpKwdaPaWd1X3YAduCJ9kR82mmMb2byPOtVCPFPnSJyKRCBLEbLg/fsuWAW2k286AMwg==",
        "dependencies": {
          "Servarr.FluentMigrator.Runner.SqlServer": "3.3.2.9",
          "System.Security.Permissions": "4.7.0"
        }
      },
      "SixLabors.Fonts": {
        "type": "Transitive",
        "resolved": "1.0.0-beta17",
        "contentHash": "qubgVovAoSR7vyv9tJ68gSzRIPWz7HBjTM9rwAaLjpcJ6T50arnX+GHAZcC0r2mVagyRMknCNda3DGoe8StUUQ=="
      },
      "System.ClientModel": {
        "type": "Transitive",
        "resolved": "1.8.0",
        "contentHash": "AqRzhn0v29GGGLj/Z6gKq4lGNtvPHT4nHdG5PDJh9IfVjv/nYUVmX11hwwws1vDFeIAzrvmn0dPu8IjLtu6fAw==",
        "dependencies": {
          "System.Memory.Data": "8.0.1"
        }
      },
      "System.ComponentModel.Annotations": {
        "type": "Transitive",
        "resolved": "4.4.1",
        "contentHash": "ToiYqSCioqhtspq2O/jYKtyTC/T0uwWHBTYlzCi6PRbSSHArN1IaRWeHffDamvms5sye5FDUWCfNZgubQpNRsA=="
      },
      "System.IdentityModel.Tokens.Jwt": {
        "type": "Transitive",
        "resolved": "7.7.1",
        "contentHash": "rQkO1YbAjLwnDJSMpRhRtrc6XwIcEOcUvoEcge+evurpzSZM3UNK+MZfD3sKyTlYsvknZ6eJjSBfnmXqwOsT9Q==",
        "dependencies": {
          "Microsoft.IdentityModel.JsonWebTokens": "7.7.1",
          "Microsoft.IdentityModel.Tokens": "7.7.1"
        }
      },
      "System.Memory.Data": {
        "type": "Transitive",
        "resolved": "8.0.1",
        "contentHash": "BVYuec3jV23EMRDeR7Dr1/qhx7369dZzJ9IWy2xylvb4YfXsrUxspWc4UWYid/tj4zZK58uGZqn2WQiaDMhmAg=="
      },
      "System.Security.Cryptography.Pkcs": {
        "type": "Transitive",
        "resolved": "10.0.0",
        "contentHash": "UPWqLSygJlFerRi9XNIuM0a1VC8gHUIufyP24xQ0sc+XimqUAEcjpOz9DhKpyDjH+5B/wO3RpC0KpkEeDj/ddg=="
      },
      "System.Security.Cryptography.ProtectedData": {
        "type": "Transitive",
        "resolved": "10.0.11",
        "contentHash": "PNoxCTPb+Tlux+GJyq4c89ddYdpioVSqfGx8pqOF6shCSKwUNNctXhQtRkCICjbJmGrJJsW8NY52kVYO/b8mlQ=="
      },
      "System.Windows.Extensions": {
        "type": "Transitive",
        "resolved": "10.0.11",
        "contentHash": "i0g4nqBAS7ocsV7mlK9b+7B0C5g6r2S6QFxVTdRInKmVdnTBR6M25Pgv811jTxif2k/NhIoYyg2NmWT8xpG0tQ=="
      },
      "readarr.common": {
        "type": "Project",
        "dependencies": {
          "DryIoc.dll": "[5.4.3, )",
          "IPAddressRange": "[6.1.0, )",
          "Microsoft.Extensions.Hosting.WindowsServices": "[10.0.11, )",
          "Microsoft.SourceLink.GitHub": "[1.1.1, )",
          "NLog": "[5.1.4, )",
          "NLog.Extensions.Logging": "[5.2.3, )",
          "Newtonsoft.Json": "[13.0.3, )",
          "SharpZipLib": "[1.4.2, )",
          "System.Configuration.ConfigurationManager": "[10.0.11, )",
          "System.Data.SQLite.Core.Servarr": "[1.0.115.5-18, )",
          "System.IO.Abstractions": "[17.0.24, )",
          "System.ServiceProcess.ServiceController": "[10.0.11, )",
          "System.ValueTuple": "[4.6.1, )"
        }
      },
      "readarr.core": {
        "type": "Project",
        "dependencies": {
          "Dapper": "[2.0.151, )",
          "Diacritical.Net": "[1.0.4, )",
          "Equ": "[2.3.0, )",
          "FluentValidation": "[9.5.4, )",
          "LazyCache": "[2.4.0, )",
          "MailKit": "[4.17.0, )",
          "Microsoft.Data.SqlClient": "[6.1.6, )",
          "Microsoft.SourceLink.GitHub": "[1.1.1, )",
          "MonoTorrent": "[2.0.7, )",
          "NLog": "[5.1.4, )",
          "NLog.Targets.Syslog": "[7.0.0, )",
          "Newtonsoft.Json": "[13.0.3, )",
          "Npgsql": "[7.0.10, )",
          "PdfSharpCore": "[1.3.65, )",
          "Polly": "[8.5.2, )",
          "Readarr.Common": "[1.0.0, )",
          "RestSharp": "[106.15.0, )",
          "Servarr.FluentMigrator.Runner": "[3.3.2.9, )",
          "Servarr.FluentMigrator.Runner.Postgres": "[3.3.2.9, )",
          "Servarr.FluentMigrator.Runner.SQLite": "[3.3.2.9, )",
          "SixLabors.ImageSharp": "[3.1.11, )",
          "System.IO.Abstractions": "[17.0.24, )",
          "System.Security.Permissions": "[10.0.11, )",
          "TagLibSharp-Lidarr": "[2.2.0.19, )"
        }
      },
      "Dapper": {
        "type": "CentralTransitive",
        "requested": "[2.0.151, )",
        "resolved": "2.0.151",
        "contentHash": "mMcZgx1lim0/i1Ozu+lgnBM4GwNIHpCuxV6BV2ovsEfZAXRAq4jb6RIhxGDcVjtmXMLPpdp85jHPdDjBMMwejw=="
      },
      "Diacritical.Net": {
        "type": "CentralTransitive",
        "requested": "[1.0.4, )",
        "resolved": "1.0.4",
        "contentHash": "0VtPC6qSm8/WVDoufUvaEm6L9W+OEk+iTO/dQL7kHnE4Zds1dTr3AOjAGmEHIvgPn7BPHiOoi3Hmsgl3pe5rag=="
      },
      "DryIoc.dll": {
        "type": "CentralTransitive",
        "requested": "[5.4.3, )",
        "resolved": "5.4.3",
        "contentHash": "yhXOG3SOxeWYxBAWskNRDD8fzw5hriEawv4VN4WKaFHOuubiop4kxe2rkWTEyCnTgRVgxVUSQCDBBkZqwPm1iQ=="
      },
      "Equ": {
        "type": "CentralTransitive",
        "requested": "[2.3.0, )",
        "resolved": "2.3.0",
        "contentHash": "vmu8NGGdy6R8UEIxDJ8Ir4HWxuHvHWO70fL51H29oF+dF/2bNjVS1ueDYn/ZZFPPsriL/5Ee3DDXu5OhTQQ5Cw=="
      },
      "FluentValidation": {
        "type": "CentralTransitive",
        "requested": "[9.5.4, )",
        "resolved": "9.5.4",
        "contentHash": "dnAz4PUtSSa+8EGWDUmEZujOa9rvzxln4BgokZZfO2Gbcj0612TMISU4vkvL60qIy5DI/sDF9Oy1iMXr7sJW3A=="
      },
      "IPAddressRange": {
        "type": "CentralTransitive",
        "requested": "[6.1.0, )",
        "resolved": "6.1.0",
        "contentHash": "qirGMjCD64q5TIVu9VsCw7eHAA1bIuvz/4sabdh2IWcsUDDbQ4jG5Sum6tPMRJBqTcb4NzMJ37GotglfRWzIsw=="
      },
      "LazyCache": {
        "type": "CentralTransitive",
        "requested": "[2.4.0, )",
        "resolved": "2.4.0",
        "contentHash": "THig17vqe5PEs3wvTqFrNzorz2nD4Qz9F9C3YlAydU673CogAO8z1u8NNJD6x52I7oDCQ/N/HwJIZMBH8Y/Qiw=="
      },
      "MailKit": {
        "type": "CentralTransitive",
        "requested": "[4.17.0, )",
        "resolved": "4.17.0",
        "contentHash": "1nUAVLxM9fhT/78we6/AGsCesnpn5dRNLLeRqOfr52Wnk87pzVwo5YMTMyqnmoXrYc7piGhmayiMA/OgDluIjg==",
        "dependencies": {
          "MimeKit": "4.17.0"
        }
      },
      "Microsoft.Data.SqlClient": {
        "type": "CentralTransitive",
        "requested": "[6.1.6, )",
        "resolved": "6.1.6",
        "contentHash": "6abRPXrjjEWxcNkTomBIzBdGolYnwD0ykP+6YAynaEEfKlGe94ZSQd58pggucusp28xUA7wLo9XcvzU92ZuF6Q==",
        "dependencies": {
          "Azure.Core": "1.50.0",
          "Azure.Identity": "1.17.1",
          "Microsoft.Data.SqlClient.SNI.runtime": "6.0.2",
          "Microsoft.Identity.Client": "4.84.2",
          "Microsoft.Identity.Client.Broker": "4.84.2",
          "Microsoft.IdentityModel.JsonWebTokens": "7.7.1",
          "Microsoft.IdentityModel.Protocols.OpenIdConnect": "7.7.1",
          "Microsoft.SqlServer.Server": "1.0.0",
          "System.Configuration.ConfigurationManager": "9.0.11",
          "System.IdentityModel.Tokens.Jwt": "7.7.1",
          "System.Security.Cryptography.Pkcs": "9.0.11"
        }
      },
      "Microsoft.Extensions.Hosting.WindowsServices": {
        "type": "CentralTransitive",
        "requested": "[10.0.11, )",
        "resolved": "10.0.11",
        "contentHash": "OTlOHRxmt4IyYR5tBejF5ffdVMbo9n5NbPJRzCe0bnJmzTQt0kHNiDiEU96t4KkB3wE3vZqPETtXJVLujrRJnA==",
        "dependencies": {
          "System.ServiceProcess.ServiceController": "10.0.11"
        }
      },
      "MonoTorrent": {
        "type": "CentralTransitive",
        "requested": "[2.0.7, )",
        "resolved": "2.0.7",
        "contentHash": "xNzK9pD+U79/wB03ztOBv+7Pr8ra1nWmnLwcSPVQ2BkIL6yiiYiLVIGoECR9GTI5F2yRsQQv55hDbI7GsjYptA==",
        "dependencies": {
          "Mono.Nat": "[3.0.1, 4.0.0)",
          "ReusableTasks": "[2.0.0, 3.0.0)"
        }
      },
      "Newtonsoft.Json": {
        "type": "CentralTransitive",
        "requested": "[13.0.3, )",
        "resolved": "13.0.3",
        "contentHash": "HrC5BXdl00IP9zeV+0Z848QWPAoCr9P3bDEZguI+gkLcBKAOxix/tLEAAHC+UvDNPv4a2d18lOReHMOagPa+zQ=="
      },
      "NLog": {
        "type": "CentralTransitive",
        "requested": "[5.1.4, )",
        "resolved": "5.1.4",
        "contentHash": "Ki0XThITEd//RrQ21yi1HB/Uid4pzTRE5YLvEpk91d0vDXp3OPtVCvWgrYsqqcpTwiipFSOLSsU1RblaexrFiA=="
      },
      "NLog.Extensions.Logging": {
        "type": "CentralTransitive",
        "requested": "[5.2.3, )",
        "resolved": "5.2.3",
        "contentHash": "TB8zPGV2nVpvWq5C8zIVHPSmnzOHMrXppjsAwHcuJq1Ehs8sC0llnAv5Ysf5Lf/vew9amV/+01MohtRFSDzKdQ==",
        "dependencies": {
          "NLog": "5.1.3"
        }
      },
      "NLog.Targets.Syslog": {
        "type": "CentralTransitive",
        "requested": "[7.0.0, )",
        "resolved": "7.0.0",
        "contentHash": "yYiir0SbZsWmFokvugeyikO4YBhoFzDaVW5bEDrCaS1xQVRs+WMDjdAB5eUjIXpwoUnMP88fMPYhvrIi0LoDlA==",
        "dependencies": {
          "NLog": "5.0.0",
          "Polly.Contrib.WaitAndRetry": "1.1.1"
        }
      },
      "Npgsql": {
        "type": "CentralTransitive",
        "requested": "[7.0.10, )",
        "resolved": "7.0.10",
        "contentHash": "uN5/+JbIa+B4YeADMls+AtP+bXSHLeOTIEf4RmWtuA5qUM/qVdURsFJurHVBLpF3vs0Zf8iuafdG4vL1/ABu2A=="
      },
      "PdfSharpCore": {
        "type": "CentralTransitive",
        "requested": "[1.3.65, )",
        "resolved": "1.3.65",
        "contentHash": "mkN1EZ1VtH4+x97DEvmno5goRU3j4myuWD7IxO9MuxRcc1iOcUfhq75RmxZSAH9dQCZhpGpLUJSkwlRRnzElAg==",
        "dependencies": {
          "SharpZipLib": "1.4.2",
          "SixLabors.Fonts": "1.0.0-beta17",
          "SixLabors.ImageSharp": "1.0.4"
        }
      },
      "Polly": {
        "type": "CentralTransitive",
        "requested": "[8.5.2, )",
        "resolved": "8.5.2",
        "contentHash": "vbXsGgkG86nG+TOwY+SmtrGrRHmHH0DQaxtILx//d3Dz/ocJ8izSNYzdvU2gEtWa/LDD8zJLvD3HdjEkdlvkhg==",
        "dependencies": {
          "Polly.Core": "8.5.2"
        }
      },
      "RestSharp": {
        "type": "CentralTransitive",
        "requested": "[106.15.0, )",
        "resolved": "106.15.0",
        "contentHash": "HM7ohR6AscxedNenrrl93DSZG6hvdnA7O+NHyCl/6ZKTfn8psQ9rRmUpcb9eWr+140vmfxoVemql0bUoeGEW3A=="
      },
      "Servarr.FluentMigrator.Runner": {
        "type": "CentralTransitive",
        "requested": "[3.3.2.9, )",
        "resolved": "3.3.2.9",
        "contentHash": "AKudY5Q22phmQTfTYwyQwyEBp8OxM2E22OnKYm3AteiPvHJ6A/MFzjzbA8eQz8E0Z44K87Az08Oiyhtg9JlkXQ==",
        "dependencies": {
          "Servarr.FluentMigrator": "3.3.2.9",
          "Servarr.FluentMigrator.Runner.Core": "3.3.2.9",
          "Servarr.FluentMigrator.Runner.Db2": "3.3.2.9",
          "Servarr.FluentMigrator.Runner.Firebird": "3.3.2.9",
          "Servarr.FluentMigrator.Runner.Hana": "3.3.2.9",
          "Servarr.FluentMigrator.Runner.MySql": "3.3.2.9",
          "Servarr.FluentMigrator.Runner.Oracle": "3.3.2.9",
          "Servarr.FluentMigrator.Runner.Postgres": "3.3.2.9",
          "Servarr.FluentMigrator.Runner.Redshift": "3.3.2.9",
          "Servarr.FluentMigrator.Runner.SQLite": "3.3.2.9",
          "Servarr.FluentMigrator.Runner.SqlAnywhere": "3.3.2.9",
          "Servarr.FluentMigrator.Runner.SqlServer": "3.3.2.9",
          "Servarr.FluentMigrator.Runner.SqlServerCe": "3.3.2.9"
        }
      },
      "Servarr.FluentMigrator.Runner.Postgres": {
        "type": "CentralTransitive",
        "requested": "[3.3.2.9, )",
        "resolved": "3.3.2.9",
        "contentHash": "vrJ8t8W8dOtwjUtc5e+W7FdAH6jTGr6bl642CWttfewh+jEI8l/Ymdy7mueSY4masu4AyD4HcSJDTgzESWrYIg==",
        "dependencies": {
          "Servarr.FluentMigrator.Extensions.Postgres": "3.3.2.9",
          "Servarr.FluentMigrator.Runner.Core": "3.3.2.9"
        }
      },
      "Servarr.FluentMigrator.Runner.SQLite": {
        "type": "CentralTransitive",
        "requested": "[3.3.2.9, )",
        "resolved": "3.3.2.9",
        "contentHash": "wF35gswBUZodu+kkhypMB30Z5+ZTD1o5DPxYy+T/jW+5LXxN5JcBt0qMKtVNFb/K2WHgNCPnayYDHK8D2WnbNw==",
        "dependencies": {
          "Servarr.FluentMigrator.Runner.Core": "3.3.2.9"
        }
      },
      "SharpZipLib": {
        "type": "CentralTransitive",
        "requested": "[1.4.2, )",
        "resolved": "1.4.2",
        "contentHash": "yjj+3zgz8zgXpiiC3ZdF/iyTBbz2fFvMxZFEBPUcwZjIvXOf37Ylm+K58hqMfIBt5JgU/Z2uoUS67JmTLe973A=="
      },
      "SixLabors.ImageSharp": {
        "type": "CentralTransitive",
        "requested": "[3.1.11, )",
        "resolved": "3.1.11",
        "contentHash": "JfPLyigLthuE50yi6tMt7Amrenr/fA31t2CvJyhy/kQmfulIBAqo5T/YFUSRHtuYPXRSaUHygFeh6Qd933EoSw=="
      },
      "System.Configuration.ConfigurationManager": {
        "type": "CentralTransitive",
        "requested": "[10.0.11, )",
        "resolved": "10.0.11",
        "contentHash": "vFA8K0xj520MnLp+zkpTmLc3LOGUhkIDxHvhfm8Cr4b+ZVVeAXnfe1+2oixuITbsZfr4ALcU2NrAqQKhooX9yw==",
        "dependencies": {
          "System.Security.Cryptography.ProtectedData": "10.0.11"
        }
      },
      "System.Data.SQLite.Core.Servarr": {
        "type": "CentralTransitive",
        "requested": "[1.0.115.5-18, )",
        "resolved": "1.0.115.5-18",
        "contentHash": "bqSg3X04ugH2gqau7NGh3JHQ3zfchtwUdyBDs4AIEAi00iKZeINz6VQb85VkMMqzqQCN+i59pF/cPkoTLafiuA=="
      },
      "System.IO.Abstractions": {
        "type": "CentralTransitive",
        "requested": "[17.0.24, )",
        "resolved": "17.0.24",
        "contentHash": "hA7bacntMiZv1Yf9xtjwl/GP3GT1mG84QxhAk7ijAUD0pJhJaVVwXScE13vMpXnNtlaRDW6SeyZdWg2j2qrh4w=="
      },
      "System.Security.Permissions": {
        "type": "CentralTransitive",
        "requested": "[10.0.11, )",
        "resolved": "10.0.11",
        "contentHash": "QpUiku++PIfDFeP6YPdpGEFNQD6MPE4KopgTwA0cd0v+gBEmLfcv352JGi+S6ole/z3oZROR0ntawNhqsU/IwQ==",
        "dependencies": {
          "System.Windows.Extensions": "10.0.11"
        }
      },
      "System.ServiceProcess.ServiceController": {
        "type": "CentralTransitive",
        "requested": "[10.0.11, )",
        "resolved": "10.0.11",
        "contentHash": "khROyIQ3GAZy5MbCabfmlbvxf9nuvdveFP2XbRCteZ9Lq8OFEvImmrjV6acl1LegRu/9T6VMxi9Lr+KZu29VHg=="
      },
      "System.ValueTuple": {
        "type": "CentralTransitive",
        "requested": "[4.6.1, )",
        "resolved": "4.6.1",
        "contentHash": "+RJT4qaekpZ7DDLhf+LTjq+E48jieKiY9ulJ+BoxKmZblIJfIJT8Ufcaa/clQqnYvWs8jugfGSMu8ylS0caG0w=="
      },
      "TagLibSharp-Lidarr": {
        "type": "CentralTransitive",
        "requested": "[2.2.0.19, )",
        "resolved": "2.2.0.19",
        "contentHash": "7l/0/yD91NQRJYt4DadyI1yuLqrLjt509b2peDO9Authzm3cHTxCk1su9LVi9CQu35MG9wnoAw/ingqtc/+jAQ=="
      }
    },
    "net10.0/linux-musl-arm64": {
      "Microsoft.Data.SqlClient.SNI.runtime": {
        "type": "Transitive",
        "resolved": "6.0.2",
        "contentHash": "f+pRODTWX7Y67jXO3T5S2dIPZ9qMJNySjlZT/TKmWVNWe19N8jcWmHaqHnnchaq3gxEKv1SWVY5EFzOD06l41w=="
      },
      "Microsoft.Identity.Client.NativeInterop": {
        "type": "Transitive",
        "resolved": "0.20.6",
        "contentHash": "noyfdMfVxyWpM6xUDmlW6gUvZ5ci24z7Qoy15JvynTQfZV5vTD2NEdsnT5Gy4ngViwgdIp5iRjRy10jAKXFAgw=="
      },
      "System.Security.Cryptography.Pkcs": {
        "type": "Transitive",
        "resolved": "10.0.0",
        "contentHash": "UPWqLSygJlFerRi9XNIuM0a1VC8gHUIufyP24xQ0sc+XimqUAEcjpOz9DhKpyDjH+5B/wO3RpC0KpkEeDj/ddg=="
      },
      "System.Windows.Extensions": {
        "type": "Transitive",
        "resolved": "10.0.11",
        "contentHash": "i0g4nqBAS7ocsV7mlK9b+7B0C5g6r2S6QFxVTdRInKmVdnTBR6M25Pgv811jTxif2k/NhIoYyg2NmWT8xpG0tQ=="
      },
      "Microsoft.Data.SqlClient": {
        "type": "CentralTransitive",
        "requested": "[6.1.6, )",
        "resolved": "6.1.6",
        "contentHash": "6abRPXrjjEWxcNkTomBIzBdGolYnwD0ykP+6YAynaEEfKlGe94ZSQd58pggucusp28xUA7wLo9XcvzU92ZuF6Q==",
        "dependencies": {
          "Azure.Core": "1.50.0",
          "Azure.Identity": "1.17.1",
          "Microsoft.Data.SqlClient.SNI.runtime": "6.0.2",
          "Microsoft.Identity.Client": "4.84.2",
          "Microsoft.Identity.Client.Broker": "4.84.2",
          "Microsoft.IdentityModel.JsonWebTokens": "7.7.1",
          "Microsoft.IdentityModel.Protocols.OpenIdConnect": "7.7.1",
          "Microsoft.SqlServer.Server": "1.0.0",
          "System.Configuration.ConfigurationManager": "9.0.11",
          "System.IdentityModel.Tokens.Jwt": "7.7.1",
          "System.Security.Cryptography.Pkcs": "9.0.11"
        }
      },
      "System.Data.SQLite.Core.Servarr": {
        "type": "CentralTransitive",
        "requested": "[1.0.115.5-18, )",
        "resolved": "1.0.115.5-18",
        "contentHash": "bqSg3X04ugH2gqau7NGh3JHQ3zfchtwUdyBDs4AIEAi00iKZeINz6VQb85VkMMqzqQCN+i59pF/cPkoTLafiuA=="
      },
      "System.ServiceProcess.ServiceController": {
        "type": "CentralTransitive",
        "requested": "[10.0.11, )",
        "resolved": "10.0.11",
        "contentHash": "khROyIQ3GAZy5MbCabfmlbvxf9nuvdveFP2XbRCteZ9Lq8OFEvImmrjV6acl1LegRu/9T6VMxi9Lr+KZu29VHg=="
      }
    },
    "net10.0/linux-musl-x64": {
      "Microsoft.Data.SqlClient.SNI.runtime": {
        "type": "Transitive",
        "resolved": "6.0.2",
        "contentHash": "f+pRODTWX7Y67jXO3T5S2dIPZ9qMJNySjlZT/TKmWVNWe19N8jcWmHaqHnnchaq3gxEKv1SWVY5EFzOD06l41w=="
      },
      "Microsoft.Identity.Client.NativeInterop": {
        "type": "Transitive",
        "resolved": "0.20.6",
        "contentHash": "noyfdMfVxyWpM6xUDmlW6gUvZ5ci24z7Qoy15JvynTQfZV5vTD2NEdsnT5Gy4ngViwgdIp5iRjRy10jAKXFAgw=="
      },
      "System.Security.Cryptography.Pkcs": {
        "type": "Transitive",
        "resolved": "10.0.0",
        "contentHash": "UPWqLSygJlFerRi9XNIuM0a1VC8gHUIufyP24xQ0sc+XimqUAEcjpOz9DhKpyDjH+5B/wO3RpC0KpkEeDj/ddg=="
      },
      "System.Windows.Extensions": {
        "type": "Transitive",
        "resolved": "10.0.11",
        "contentHash": "i0g4nqBAS7ocsV7mlK9b+7B0C5g6r2S6QFxVTdRInKmVdnTBR6M25Pgv811jTxif2k/NhIoYyg2NmWT8xpG0tQ=="
      },
      "Microsoft.Data.SqlClient": {
        "type": "CentralTransitive",
        "requested": "[6.1.6, )",
        "resolved": "6.1.6",
        "contentHash": "6abRPXrjjEWxcNkTomBIzBdGolYnwD0ykP+6YAynaEEfKlGe94ZSQd58pggucusp28xUA7wLo9XcvzU92ZuF6Q==",
        "dependencies": {
          "Azure.Core": "1.50.0",
          "Azure.Identity": "1.17.1",
          "Microsoft.Data.SqlClient.SNI.runtime": "6.0.2",
          "Microsoft.Identity.Client": "4.84.2",
          "Microsoft.Identity.Client.Broker": "4.84.2",
          "Microsoft.IdentityModel.JsonWebTokens": "7.7.1",
          "Microsoft.IdentityModel.Protocols.OpenIdConnect": "7.7.1",
          "Microsoft.SqlServer.Server": "1.0.0",
          "System.Configuration.ConfigurationManager": "9.0.11",
          "System.IdentityModel.Tokens.Jwt": "7.7.1",
          "System.Security.Cryptography.Pkcs": "9.0.11"
        }
      },
      "System.Data.SQLite.Core.Servarr": {
        "type": "CentralTransitive",
        "requested": "[1.0.115.5-18, )",
        "resolved": "1.0.115.5-18",
        "contentHash": "bqSg3X04ugH2gqau7NGh3JHQ3zfchtwUdyBDs4AIEAi00iKZeINz6VQb85VkMMqzqQCN+i59pF/cPkoTLafiuA=="
      },
      "System.ServiceProcess.ServiceController": {
        "type": "CentralTransitive",
        "requested": "[10.0.11, )",
        "resolved": "10.0.11",
        "contentHash": "khROyIQ3GAZy5MbCabfmlbvxf9nuvdveFP2XbRCteZ9Lq8OFEvImmrjV6acl1LegRu/9T6VMxi9Lr+KZu29VHg=="
      }
    },
    "net10.0/linux-x64": {
      "Microsoft.Data.SqlClient.SNI.runtime": {
        "type": "Transitive",
        "resolved": "6.0.2",
        "contentHash": "f+pRODTWX7Y67jXO3T5S2dIPZ9qMJNySjlZT/TKmWVNWe19N8jcWmHaqHnnchaq3gxEKv1SWVY5EFzOD06l41w=="
      },
      "Microsoft.Identity.Client.NativeInterop": {
        "type": "Transitive",
        "resolved": "0.20.6",
        "contentHash": "noyfdMfVxyWpM6xUDmlW6gUvZ5ci24z7Qoy15JvynTQfZV5vTD2NEdsnT5Gy4ngViwgdIp5iRjRy10jAKXFAgw=="
      },
      "System.Security.Cryptography.Pkcs": {
        "type": "Transitive",
        "resolved": "10.0.0",
        "contentHash": "UPWqLSygJlFerRi9XNIuM0a1VC8gHUIufyP24xQ0sc+XimqUAEcjpOz9DhKpyDjH+5B/wO3RpC0KpkEeDj/ddg=="
      },
      "System.Windows.Extensions": {
        "type": "Transitive",
        "resolved": "10.0.11",
        "contentHash": "i0g4nqBAS7ocsV7mlK9b+7B0C5g6r2S6QFxVTdRInKmVdnTBR6M25Pgv811jTxif2k/NhIoYyg2NmWT8xpG0tQ=="
      },
      "Microsoft.Data.SqlClient": {
        "type": "CentralTransitive",
        "requested": "[6.1.6, )",
        "resolved": "6.1.6",
        "contentHash": "6abRPXrjjEWxcNkTomBIzBdGolYnwD0ykP+6YAynaEEfKlGe94ZSQd58pggucusp28xUA7wLo9XcvzU92ZuF6Q==",
        "dependencies": {
          "Azure.Core": "1.50.0",
          "Azure.Identity": "1.17.1",
          "Microsoft.Data.SqlClient.SNI.runtime": "6.0.2",
          "Microsoft.Identity.Client": "4.84.2",
          "Microsoft.Identity.Client.Broker": "4.84.2",
          "Microsoft.IdentityModel.JsonWebTokens": "7.7.1",
          "Microsoft.IdentityModel.Protocols.OpenIdConnect": "7.7.1",
          "Microsoft.SqlServer.Server": "1.0.0",
          "System.Configuration.ConfigurationManager": "9.0.11",
          "System.IdentityModel.Tokens.Jwt": "7.7.1",
          "System.Security.Cryptography.Pkcs": "9.0.11"
        }
      },
      "System.Data.SQLite.Core.Servarr": {
        "type": "CentralTransitive",
        "requested": "[1.0.115.5-18, )",
        "resolved": "1.0.115.5-18",
        "contentHash": "bqSg3X04ugH2gqau7NGh3JHQ3zfchtwUdyBDs4AIEAi00iKZeINz6VQb85VkMMqzqQCN+i59pF/cPkoTLafiuA=="
      },
      "System.ServiceProcess.ServiceController": {
        "type": "CentralTransitive",
        "requested": "[10.0.11, )",
        "resolved": "10.0.11",
        "contentHash": "khROyIQ3GAZy5MbCabfmlbvxf9nuvdveFP2XbRCteZ9Lq8OFEvImmrjV6acl1LegRu/9T6VMxi9Lr+KZu29VHg=="
      }
    },
    "net10.0/osx-arm64": {
      "Microsoft.Data.SqlClient.SNI.runtime": {
        "type": "Transitive",
        "resolved": "6.0.2",
        "contentHash": "f+pRODTWX7Y67jXO3T5S2dIPZ9qMJNySjlZT/TKmWVNWe19N8jcWmHaqHnnchaq3gxEKv1SWVY5EFzOD06l41w=="
      },
      "Microsoft.Identity.Client.NativeInterop": {
        "type": "Transitive",
        "resolved": "0.20.6",
        "contentHash": "noyfdMfVxyWpM6xUDmlW6gUvZ5ci24z7Qoy15JvynTQfZV5vTD2NEdsnT5Gy4ngViwgdIp5iRjRy10jAKXFAgw=="
      },
      "System.Security.Cryptography.Pkcs": {
        "type": "Transitive",
        "resolved": "10.0.0",
        "contentHash": "UPWqLSygJlFerRi9XNIuM0a1VC8gHUIufyP24xQ0sc+XimqUAEcjpOz9DhKpyDjH+5B/wO3RpC0KpkEeDj/ddg=="
      },
      "System.Windows.Extensions": {
        "type": "Transitive",
        "resolved": "10.0.11",
        "contentHash": "i0g4nqBAS7ocsV7mlK9b+7B0C5g6r2S6QFxVTdRInKmVdnTBR6M25Pgv811jTxif2k/NhIoYyg2NmWT8xpG0tQ=="
      },
      "Microsoft.Data.SqlClient": {
        "type": "CentralTransitive",
        "requested": "[6.1.6, )",
        "resolved": "6.1.6",
        "contentHash": "6abRPXrjjEWxcNkTomBIzBdGolYnwD0ykP+6YAynaEEfKlGe94ZSQd58pggucusp28xUA7wLo9XcvzU92ZuF6Q==",
        "dependencies": {
          "Azure.Core": "1.50.0",
          "Azure.Identity": "1.17.1",
          "Microsoft.Data.SqlClient.SNI.runtime": "6.0.2",
          "Microsoft.Identity.Client": "4.84.2",
          "Microsoft.Identity.Client.Broker": "4.84.2",
          "Microsoft.IdentityModel.JsonWebTokens": "7.7.1",
          "Microsoft.IdentityModel.Protocols.OpenIdConnect": "7.7.1",
          "Microsoft.SqlServer.Server": "1.0.0",
          "System.Configuration.ConfigurationManager": "9.0.11",
          "System.IdentityModel.Tokens.Jwt": "7.7.1",
          "System.Security.Cryptography.Pkcs": "9.0.11"
        }
      },
      "System.Data.SQLite.Core.Servarr": {
        "type": "CentralTransitive",
        "requested": "[1.0.115.5-18, )",
        "resolved": "1.0.115.5-18",
        "contentHash": "bqSg3X04ugH2gqau7NGh3JHQ3zfchtwUdyBDs4AIEAi00iKZeINz6VQb85VkMMqzqQCN+i59pF/cPkoTLafiuA=="
      },
      "System.ServiceProcess.ServiceController": {
        "type": "CentralTransitive",
        "requested": "[10.0.11, )",
        "resolved": "10.0.11",
        "contentHash": "khROyIQ3GAZy5MbCabfmlbvxf9nuvdveFP2XbRCteZ9Lq8OFEvImmrjV6acl1LegRu/9T6VMxi9Lr+KZu29VHg=="
      }
    }
  }
}